// !$*UTF8*$!
{
	archiveVersion = 1;
	classes = {
	};
	objectVersion = 46;
	objects = {

/* Begin PBXBuildFile section */
		CF0DA49C1435ECA70045885A /* SESensisResultsSummaryTest.m in Sources */ = {isa = PBXBuildFile; fileRef = CF0DA49B1435ECA70045885A /* SESensisResultsSummaryTest.m */; };
		CF0DA4A01435ECEF0045885A /* SESensisResultsSummary.m in Sources */ = {isa = PBXBuildFile; fileRef = CF0DA49F1435ECEF0045885A /* SESensisResultsSummary.m */; };
		CF0DA4A11435ECEF0045885A /* SESensisResultsSummary.m in Sources */ = {isa = PBXBuildFile; fileRef = CF0DA49F1435ECEF0045885A /* SESensisResultsSummary.m */; };
		CF4B02CE1446F6F100203EFE /* SEIPhoneSearchResultsController.m in Sources */ = {isa = PBXBuildFile; fileRef = CF4B02CC1446F6F100203EFE /* SEIPhoneSearchResultsController.m */; };
		CF4B02CF1446F6F100203EFE /* SEIPhoneSearchResultsController.m in Sources */ = {isa = PBXBuildFile; fileRef = CF4B02CC1446F6F100203EFE /* SEIPhoneSearchResultsController.m */; };
		CF4B02D01446F6F100203EFE /* SEIPhoneSearchResultsController.xib in Resources */ = {isa = PBXBuildFile; fileRef = CF4B02CD1446F6F100203EFE /* SEIPhoneSearchResultsController.xib */; };
		CF4B02D11446F6F100203EFE /* SEIPhoneSearchResultsController.xib in Resources */ = {isa = PBXBuildFile; fileRef = CF4B02CD1446F6F100203EFE /* SEIPhoneSearchResultsController.xib */; };
		CF4B02D71447019800203EFE /* SESearchResults.m in Sources */ = {isa = PBXBuildFile; fileRef = CF4B02D61447019800203EFE /* SESearchResults.m */; };
		CF4B02D81447019800203EFE /* SESearchResults.m in Sources */ = {isa = PBXBuildFile; fileRef = CF4B02D61447019800203EFE /* SESearchResults.m */; };
		CF4D961D145591F400067011 /* ILCannedURLProtocol.m in Sources */ = {isa = PBXBuildFile; fileRef = CF4D961C145591F400067011 /* ILCannedURLProtocol.m */; };
		CF52CE6414543D7500E805F8 /* SESearchResultsTest.m in Sources */ = {isa = PBXBuildFile; fileRef = CF52CE6314543D7500E805F8 /* SESearchResultsTest.m */; };
		CF66BE241422907C00C55DB9 /* SESensisQueryBuilderTest.m in Sources */ = {isa = PBXBuildFile; fileRef = CF66BE231422907C00C55DB9 /* SESensisQueryBuilderTest.m */; };
		CF66BE27142291B300C55DB9 /* SESensisQueryBuilder.m in Sources */ = {isa = PBXBuildFile; fileRef = CF66BE26142291B300C55DB9 /* SESensisQueryBuilder.m */; };
		CF66BE28142291B300C55DB9 /* SESensisQueryBuilder.m in Sources */ = {isa = PBXBuildFile; fileRef = CF66BE26142291B300C55DB9 /* SESensisQueryBuilder.m */; };
		CF678C04142A06B800764ECC /* SearchController.m in Sources */ = {isa = PBXBuildFile; fileRef = CF906D83142608A5001A8FA0 /* SearchController.m */; };
		CF6AB8E91428B90300A67940 /* SearchController_iPhoneTest.m in Sources */ = {isa = PBXBuildFile; fileRef = CF6AB8E81428B90300A67940 /* SearchController_iPhoneTest.m */; };
		CF777787141B2CC100690920 /* UIKit.framework in Frameworks */ = {isa = PBXBuildFile; fileRef = CF91806F141621BA0021C598 /* UIKit.framework */; };
		CF777788141B2CC100690920 /* Foundation.framework in Frameworks */ = {isa = PBXBuildFile; fileRef = CF918071141621BA0021C598 /* Foundation.framework */; };
		CF777789141B2CC100690920 /* CoreGraphics.framework in Frameworks */ = {isa = PBXBuildFile; fileRef = CF918073141621BA0021C598 /* CoreGraphics.framework */; };
		CF77778F141B2CC100690920 /* InfoPlist.strings in Resources */ = {isa = PBXBuildFile; fileRef = CF77778D141B2CC100690920 /* InfoPlist.strings */; };
		CF777791141B2CC100690920 /* main.m in Sources */ = {isa = PBXBuildFile; fileRef = CF777790141B2CC100690920 /* main.m */; };
		CF7777A8141B2D0200690920 /* GHUnitIOS.framework in Frameworks */ = {isa = PBXBuildFile; fileRef = CF7777A7141B2D0200690920 /* GHUnitIOS.framework */; };
		CF906D84142608A5001A8FA0 /* SearchController.m in Sources */ = {isa = PBXBuildFile; fileRef = CF906D83142608A5001A8FA0 /* SearchController.m */; };
		CF906D8A142608FD001A8FA0 /* SearchController_iPhone.m in Sources */ = {isa = PBXBuildFile; fileRef = CF906D88142608FD001A8FA0 /* SearchController_iPhone.m */; };
		CF906D8B142608FD001A8FA0 /* SearchController_iPhone.xib in Resources */ = {isa = PBXBuildFile; fileRef = CF906D89142608FD001A8FA0 /* SearchController_iPhone.xib */; };
		CF906D8F14260929001A8FA0 /* SearchController_iPad.m in Sources */ = {isa = PBXBuildFile; fileRef = CF906D8D14260929001A8FA0 /* SearchController_iPad.m */; };
		CF906D9014260929001A8FA0 /* SearchController_iPad.xib in Resources */ = {isa = PBXBuildFile; fileRef = CF906D8E14260929001A8FA0 /* SearchController_iPad.xib */; };
		CF918070141621BA0021C598 /* UIKit.framework in Frameworks */ = {isa = PBXBuildFile; fileRef = CF91806F141621BA0021C598 /* UIKit.framework */; };
		CF918072141621BA0021C598 /* Foundation.framework in Frameworks */ = {isa = PBXBuildFile; fileRef = CF918071141621BA0021C598 /* Foundation.framework */; };
		CF918074141621BA0021C598 /* CoreGraphics.framework in Frameworks */ = {isa = PBXBuildFile; fileRef = CF918073141621BA0021C598 /* CoreGraphics.framework */; };
		CF91807A141621BA0021C598 /* InfoPlist.strings in Resources */ = {isa = PBXBuildFile; fileRef = CF918078141621BA0021C598 /* InfoPlist.strings */; };
		CF91807C141621BA0021C598 /* main.m in Sources */ = {isa = PBXBuildFile; fileRef = CF91807B141621BA0021C598 /* main.m */; };
		CF918080141621BA0021C598 /* SearchExampleAppDelegate.m in Sources */ = {isa = PBXBuildFile; fileRef = CF91807F141621BA0021C598 /* SearchExampleAppDelegate.m */; };
		CF918084141621BA0021C598 /* SearchExampleAppDelegate_iPhone.m in Sources */ = {isa = PBXBuildFile; fileRef = CF918083141621BA0021C598 /* SearchExampleAppDelegate_iPhone.m */; };
		CF918087141621BB0021C598 /* MainWindow_iPhone.xib in Resources */ = {isa = PBXBuildFile; fileRef = CF918085141621BB0021C598 /* MainWindow_iPhone.xib */; };
		CF91808B141621BB0021C598 /* SearchExampleAppDelegate_iPad.m in Sources */ = {isa = PBXBuildFile; fileRef = CF91808A141621BB0021C598 /* SearchExampleAppDelegate_iPad.m */; };
		CF91808E141621BB0021C598 /* MainWindow_iPad.xib in Resources */ = {isa = PBXBuildFile; fileRef = CF91808C141621BB0021C598 /* MainWindow_iPad.xib */; };
		CF9C9A05145C3719003D0874 /* SEQueryBuilderFactoryTest.m in Sources */ = {isa = PBXBuildFile; fileRef = CFFBE817145C342700BD559B /* SEQueryBuilderFactoryTest.m */; };
		CFAE11C4143C7453009DA61E /* SESearchResultsController.m in Sources */ = {isa = PBXBuildFile; fileRef = CFAE11C3143C7453009DA61E /* SESearchResultsController.m */; };
		CFAE11C5143C7453009DA61E /* SESearchResultsController.m in Sources */ = {isa = PBXBuildFile; fileRef = CFAE11C3143C7453009DA61E /* SESearchResultsController.m */; };
		CFAE11C9143C7489009DA61E /* SESearchResultsControllerTest.m in Sources */ = {isa = PBXBuildFile; fileRef = CFAE11C8143C7489009DA61E /* SESearchResultsControllerTest.m */; };
		CFD1696B14616808007280B5 /* SearchController_iPhone.m in Sources */ = {isa = PBXBuildFile; fileRef = CF906D88142608FD001A8FA0 /* SearchController_iPhone.m */; };
		CFD4DF2E1456CC1C003CC732 /* libExpecta-ios-universal.a in Frameworks */ = {isa = PBXBuildFile; fileRef = CFD4DF2D1456CC1C003CC732 /* libExpecta-ios-universal.a */; };
		CFDE80401430A4DF0073BAC4 /* Config.plist in Resources */ = {isa = PBXBuildFile; fileRef = CFDE803F1430A4DF0073BAC4 /* Config.plist */; };
		CFDE80411430A4DF0073BAC4 /* Config.plist in Resources */ = {isa = PBXBuildFile; fileRef = CFDE803F1430A4DF0073BAC4 /* Config.plist */; };
		CFF70B3F1420DAFB0029BA83 /* JSONKit.m in Sources */ = {isa = PBXBuildFile; fileRef = CFF70B3E1420DAFB0029BA83 /* JSONKit.m */; };
		CFF70B401420DDE80029BA83 /* JSONKit.m in Sources */ = {isa = PBXBuildFile; fileRef = CFF70B3E1420DAFB0029BA83 /* JSONKit.m */; };
		CFFBE814145C301800BD559B /* SEQueryBuilderFactory.m in Sources */ = {isa = PBXBuildFile; fileRef = CFFBE813145C301800BD559B /* SEQueryBuilderFactory.m */; };
		CFFBE815145C301800BD559B /* SEQueryBuilderFactory.m in Sources */ = {isa = PBXBuildFile; fileRef = CFFBE813145C301800BD559B /* SEQueryBuilderFactory.m */; };
/* End PBXBuildFile section */

/* Begin PBXFileReference section */
		CF0DA49A1435ECA70045885A /* SESensisResultsSummaryTest.h */ = {isa = PBXFileReference; fileEncoding = 4; lastKnownFileType = sourcecode.c.h; path = SESensisResultsSummaryTest.h; sourceTree = "<group>"; };
		CF0DA49B1435ECA70045885A /* SESensisResultsSummaryTest.m */ = {isa = PBXFileReference; fileEncoding = 4; lastKnownFileType = sourcecode.c.objc; path = SESensisResultsSummaryTest.m; sourceTree = "<group>"; };
		CF0DA49E1435ECEF0045885A /* SESensisResultsSummary.h */ = {isa = PBXFileReference; fileEncoding = 4; lastKnownFileType = sourcecode.c.h; path = SESensisResultsSummary.h; sourceTree = "<group>"; };
		CF0DA49F1435ECEF0045885A /* SESensisResultsSummary.m */ = {isa = PBXFileReference; fileEncoding = 4; lastKnownFileType = sourcecode.c.objc; path = SESensisResultsSummary.m; sourceTree = "<group>"; };
		CF0DA4A71435FF3E0045885A /* SEQueryBuilder.h */ = {isa = PBXFileReference; fileEncoding = 4; lastKnownFileType = sourcecode.c.h; path = SEQueryBuilder.h; sourceTree = "<group>"; };
		CF4B02CB1446F6F100203EFE /* SEIPhoneSearchResultsController.h */ = {isa = PBXFileReference; fileEncoding = 4; lastKnownFileType = sourcecode.c.h; path = SEIPhoneSearchResultsController.h; sourceTree = "<group>"; };
		CF4B02CC1446F6F100203EFE /* SEIPhoneSearchResultsController.m */ = {isa = PBXFileReference; fileEncoding = 4; lastKnownFileType = sourcecode.c.objc; path = SEIPhoneSearchResultsController.m; sourceTree = "<group>"; };
		CF4B02CD1446F6F100203EFE /* SEIPhoneSearchResultsController.xib */ = {isa = PBXFileReference; fileEncoding = 4; lastKnownFileType = file.xib; path = SEIPhoneSearchResultsController.xib; sourceTree = "<group>"; };
		CF4B02D51447019800203EFE /* SESearchResults.h */ = {isa = PBXFileReference; fileEncoding = 4; lastKnownFileType = sourcecode.c.h; path = SESearchResults.h; sourceTree = "<group>"; };
		CF4B02D61447019800203EFE /* SESearchResults.m */ = {isa = PBXFileReference; fileEncoding = 4; lastKnownFileType = sourcecode.c.objc; path = SESearchResults.m; sourceTree = "<group>"; };
		CF4D961B145591F400067011 /* ILCannedURLProtocol.h */ = {isa = PBXFileReference; fileEncoding = 4; lastKnownFileType = sourcecode.c.h; path = ILCannedURLProtocol.h; sourceTree = "<group>"; };
		CF4D961C145591F400067011 /* ILCannedURLProtocol.m */ = {isa = PBXFileReference; fileEncoding = 4; lastKnownFileType = sourcecode.c.objc; path = ILCannedURLProtocol.m; sourceTree = "<group>"; };
		CF52CE6214543D7500E805F8 /* SESearchResultsTest.h */ = {isa = PBXFileReference; fileEncoding = 4; lastKnownFileType = sourcecode.c.h; path = SESearchResultsTest.h; sourceTree = "<group>"; };
		CF52CE6314543D7500E805F8 /* SESearchResultsTest.m */ = {isa = PBXFileReference; fileEncoding = 4; lastKnownFileType = sourcecode.c.objc; path = SESearchResultsTest.m; sourceTree = "<group>"; };
		CF66BE221422907C00C55DB9 /* SESensisQueryBuilderTest.h */ = {isa = PBXFileReference; fileEncoding = 4; lastKnownFileType = sourcecode.c.h; path = SESensisQueryBuilderTest.h; sourceTree = "<group>"; };
		CF66BE231422907C00C55DB9 /* SESensisQueryBuilderTest.m */ = {isa = PBXFileReference; fileEncoding = 4; lastKnownFileType = sourcecode.c.objc; path = SESensisQueryBuilderTest.m; sourceTree = "<group>"; };
		CF66BE25142291B300C55DB9 /* SESensisQueryBuilder.h */ = {isa = PBXFileReference; fileEncoding = 4; lastKnownFileType = sourcecode.c.h; path = SESensisQueryBuilder.h; sourceTree = "<group>"; };
		CF66BE26142291B300C55DB9 /* SESensisQueryBuilder.m */ = {isa = PBXFileReference; fileEncoding = 4; lastKnownFileType = sourcecode.c.objc; path = SESensisQueryBuilder.m; sourceTree = "<group>"; };
		CF6AB8E71428B90300A67940 /* SearchController_iPhoneTest.h */ = {isa = PBXFileReference; fileEncoding = 4; lastKnownFileType = sourcecode.c.h; path = SearchController_iPhoneTest.h; sourceTree = "<group>"; };
		CF6AB8E81428B90300A67940 /* SearchController_iPhoneTest.m */ = {isa = PBXFileReference; fileEncoding = 4; lastKnownFileType = sourcecode.c.objc; path = SearchController_iPhoneTest.m; sourceTree = "<group>"; };
		CF777785141B2CC100690920 /* GHTests.app */ = {isa = PBXFileReference; explicitFileType = wrapper.application; includeInIndex = 0; path = GHTests.app; sourceTree = BUILT_PRODUCTS_DIR; };
		CF77778C141B2CC100690920 /* GH Tests-Info.plist */ = {isa = PBXFileReference; lastKnownFileType = text.plist.xml; path = "GH Tests-Info.plist"; sourceTree = "<group>"; };
		CF77778E141B2CC100690920 /* en */ = {isa = PBXFileReference; lastKnownFileType = text.plist.strings; name = en; path = en.lproj/InfoPlist.strings; sourceTree = "<group>"; };
		CF777790141B2CC100690920 /* main.m */ = {isa = PBXFileReference; lastKnownFileType = sourcecode.c.objc; path = main.m; sourceTree = "<group>"; };
		CF777792141B2CC100690920 /* GH Tests-Prefix.pch */ = {isa = PBXFileReference; lastKnownFileType = sourcecode.c.h; path = "GH Tests-Prefix.pch"; sourceTree = "<group>"; };
		CF7777A7141B2D0200690920 /* GHUnitIOS.framework */ = {isa = PBXFileReference; lastKnownFileType = wrapper.framework; path = GHUnitIOS.framework; sourceTree = "<group>"; };
		CF906D82142608A5001A8FA0 /* SearchController.h */ = {isa = PBXFileReference; fileEncoding = 4; lastKnownFileType = sourcecode.c.h; path = SearchController.h; sourceTree = "<group>"; };
		CF906D83142608A5001A8FA0 /* SearchController.m */ = {isa = PBXFileReference; fileEncoding = 4; lastKnownFileType = sourcecode.c.objc; path = SearchController.m; sourceTree = "<group>"; };
		CF906D87142608FD001A8FA0 /* SearchController_iPhone.h */ = {isa = PBXFileReference; fileEncoding = 4; lastKnownFileType = sourcecode.c.h; path = SearchController_iPhone.h; sourceTree = "<group>"; };
		CF906D88142608FD001A8FA0 /* SearchController_iPhone.m */ = {isa = PBXFileReference; fileEncoding = 4; lastKnownFileType = sourcecode.c.objc; path = SearchController_iPhone.m; sourceTree = "<group>"; };
		CF906D89142608FD001A8FA0 /* SearchController_iPhone.xib */ = {isa = PBXFileReference; fileEncoding = 4; lastKnownFileType = file.xib; path = SearchController_iPhone.xib; sourceTree = "<group>"; };
		CF906D8C14260929001A8FA0 /* SearchController_iPad.h */ = {isa = PBXFileReference; fileEncoding = 4; lastKnownFileType = sourcecode.c.h; path = SearchController_iPad.h; sourceTree = "<group>"; };
		CF906D8D14260929001A8FA0 /* SearchController_iPad.m */ = {isa = PBXFileReference; fileEncoding = 4; lastKnownFileType = sourcecode.c.objc; path = SearchController_iPad.m; sourceTree = "<group>"; };
		CF906D8E14260929001A8FA0 /* SearchController_iPad.xib */ = {isa = PBXFileReference; fileEncoding = 4; lastKnownFileType = file.xib; path = SearchController_iPad.xib; sourceTree = "<group>"; };
		CF91806B141621BA0021C598 /* SearchExample.app */ = {isa = PBXFileReference; explicitFileType = wrapper.application; includeInIndex = 0; path = SearchExample.app; sourceTree = BUILT_PRODUCTS_DIR; };
		CF91806F141621BA0021C598 /* UIKit.framework */ = {isa = PBXFileReference; lastKnownFileType = wrapper.framework; name = UIKit.framework; path = System/Library/Frameworks/UIKit.framework; sourceTree = SDKROOT; };
		CF918071141621BA0021C598 /* Foundation.framework */ = {isa = PBXFileReference; lastKnownFileType = wrapper.framework; name = Foundation.framework; path = System/Library/Frameworks/Foundation.framework; sourceTree = SDKROOT; };
		CF918073141621BA0021C598 /* CoreGraphics.framework */ = {isa = PBXFileReference; lastKnownFileType = wrapper.framework; name = CoreGraphics.framework; path = System/Library/Frameworks/CoreGraphics.framework; sourceTree = SDKROOT; };
		CF918077141621BA0021C598 /* SearchExample-Info.plist */ = {isa = PBXFileReference; lastKnownFileType = text.plist.xml; path = "SearchExample-Info.plist"; sourceTree = "<group>"; };
		CF918079141621BA0021C598 /* en */ = {isa = PBXFileReference; lastKnownFileType = text.plist.strings; name = en; path = en.lproj/InfoPlist.strings; sourceTree = "<group>"; };
		CF91807B141621BA0021C598 /* main.m */ = {isa = PBXFileReference; lastKnownFileType = sourcecode.c.objc; path = main.m; sourceTree = "<group>"; };
		CF91807D141621BA0021C598 /* SearchExample-Prefix.pch */ = {isa = PBXFileReference; lastKnownFileType = sourcecode.c.h; path = "SearchExample-Prefix.pch"; sourceTree = "<group>"; };
		CF91807E141621BA0021C598 /* SearchExampleAppDelegate.h */ = {isa = PBXFileReference; lastKnownFileType = sourcecode.c.h; path = SearchExampleAppDelegate.h; sourceTree = "<group>"; };
		CF91807F141621BA0021C598 /* SearchExampleAppDelegate.m */ = {isa = PBXFileReference; lastKnownFileType = sourcecode.c.objc; path = SearchExampleAppDelegate.m; sourceTree = "<group>"; };
		CF918082141621BA0021C598 /* SearchExampleAppDelegate_iPhone.h */ = {isa = PBXFileReference; lastKnownFileType = sourcecode.c.h; name = SearchExampleAppDelegate_iPhone.h; path = iPhone/SearchExampleAppDelegate_iPhone.h; sourceTree = "<group>"; };
		CF918083141621BA0021C598 /* SearchExampleAppDelegate_iPhone.m */ = {isa = PBXFileReference; lastKnownFileType = sourcecode.c.objc; name = SearchExampleAppDelegate_iPhone.m; path = iPhone/SearchExampleAppDelegate_iPhone.m; sourceTree = "<group>"; };
		CF918086141621BB0021C598 /* en */ = {isa = PBXFileReference; lastKnownFileType = file.xib; name = en; path = iPhone/en.lproj/MainWindow_iPhone.xib; sourceTree = "<group>"; };
		CF918089141621BB0021C598 /* SearchExampleAppDelegate_iPad.h */ = {isa = PBXFileReference; lastKnownFileType = sourcecode.c.h; name = SearchExampleAppDelegate_iPad.h; path = iPad/SearchExampleAppDelegate_iPad.h; sourceTree = "<group>"; };
		CF91808A141621BB0021C598 /* SearchExampleAppDelegate_iPad.m */ = {isa = PBXFileReference; lastKnownFileType = sourcecode.c.objc; name = SearchExampleAppDelegate_iPad.m; path = iPad/SearchExampleAppDelegate_iPad.m; sourceTree = "<group>"; };
		CF91808D141621BB0021C598 /* en */ = {isa = PBXFileReference; lastKnownFileType = file.xib; name = en; path = iPad/en.lproj/MainWindow_iPad.xib; sourceTree = "<group>"; };
		CF918095141621BB0021C598 /* SenTestingKit.framework */ = {isa = PBXFileReference; lastKnownFileType = wrapper.framework; name = SenTestingKit.framework; path = Library/Frameworks/SenTestingKit.framework; sourceTree = DEVELOPER_DIR; };
		CFAE11C2143C7453009DA61E /* SESearchResultsController.h */ = {isa = PBXFileReference; fileEncoding = 4; lastKnownFileType = sourcecode.c.h; path = SESearchResultsController.h; sourceTree = "<group>"; };
		CFAE11C3143C7453009DA61E /* SESearchResultsController.m */ = {isa = PBXFileReference; fileEncoding = 4; lastKnownFileType = sourcecode.c.objc; path = SESearchResultsController.m; sourceTree = "<group>"; };
		CFAE11C7143C7489009DA61E /* SESearchResultsControllerTest.h */ = {isa = PBXFileReference; fileEncoding = 4; lastKnownFileType = sourcecode.c.h; path = SESearchResultsControllerTest.h; sourceTree = "<group>"; };
		CFAE11C8143C7489009DA61E /* SESearchResultsControllerTest.m */ = {isa = PBXFileReference; fileEncoding = 4; lastKnownFileType = sourcecode.c.objc; path = SESearchResultsControllerTest.m; sourceTree = "<group>"; };
		CFC085E71419EF8E009E5DD9 /* libOCMock.a */ = {isa = PBXFileReference; lastKnownFileType = archive.ar; path = libOCMock.a; sourceTree = "<group>"; };
		CFC085E91419EF8E009E5DD9 /* NSNotificationCenter+OCMAdditions.h */ = {isa = PBXFileReference; fileEncoding = 4; lastKnownFileType = sourcecode.c.h; path = "NSNotificationCenter+OCMAdditions.h"; sourceTree = "<group>"; };
		CFC085EA1419EF8E009E5DD9 /* OCMArg.h */ = {isa = PBXFileReference; fileEncoding = 4; lastKnownFileType = sourcecode.c.h; path = OCMArg.h; sourceTree = "<group>"; };
		CFC085EB1419EF8E009E5DD9 /* OCMConstraint.h */ = {isa = PBXFileReference; fileEncoding = 4; lastKnownFileType = sourcecode.c.h; path = OCMConstraint.h; sourceTree = "<group>"; };
		CFC085EC1419EF8E009E5DD9 /* OCMock.h */ = {isa = PBXFileReference; fileEncoding = 4; lastKnownFileType = sourcecode.c.h; path = OCMock.h; sourceTree = "<group>"; };
		CFC085ED1419EF8E009E5DD9 /* OCMockObject.h */ = {isa = PBXFileReference; fileEncoding = 4; lastKnownFileType = sourcecode.c.h; path = OCMockObject.h; sourceTree = "<group>"; };
		CFC085EE1419EF8E009E5DD9 /* OCMockRecorder.h */ = {isa = PBXFileReference; fileEncoding = 4; lastKnownFileType = sourcecode.c.h; path = OCMockRecorder.h; sourceTree = "<group>"; };
		CFD4DF2D1456CC1C003CC732 /* libExpecta-ios-universal.a */ = {isa = PBXFileReference; lastKnownFileType = archive.ar; path = "libExpecta-ios-universal.a"; sourceTree = "<group>"; };
		CFD4DF301456CC27003CC732 /* Expecta.h */ = {isa = PBXFileReference; fileEncoding = 4; lastKnownFileType = sourcecode.c.h; path = Expecta.h; sourceTree = "<group>"; };
		CFD4DF311456CC27003CC732 /* ExpectaSupport.h */ = {isa = PBXFileReference; fileEncoding = 4; lastKnownFileType = sourcecode.c.h; path = ExpectaSupport.h; sourceTree = "<group>"; };
		CFD4DF321456CC27003CC732 /* EXPExpect.h */ = {isa = PBXFileReference; fileEncoding = 4; lastKnownFileType = sourcecode.c.h; path = EXPExpect.h; sourceTree = "<group>"; };
		CFD4DF331456CC27003CC732 /* EXPMatcherHelpers.h */ = {isa = PBXFileReference; fileEncoding = 4; lastKnownFileType = sourcecode.c.h; path = EXPMatcherHelpers.h; sourceTree = "<group>"; };
		CFD4DF341456CC27003CC732 /* EXPMatchers+toBeFalsy.h */ = {isa = PBXFileReference; fileEncoding = 4; lastKnownFileType = sourcecode.c.h; path = "EXPMatchers+toBeFalsy.h"; sourceTree = "<group>"; };
		CFD4DF351456CC27003CC732 /* EXPMatchers+toBeGreaterThan.h */ = {isa = PBXFileReference; fileEncoding = 4; lastKnownFileType = sourcecode.c.h; path = "EXPMatchers+toBeGreaterThan.h"; sourceTree = "<group>"; };
		CFD4DF361456CC27003CC732 /* EXPMatchers+toBeGreaterThanOrEqualTo.h */ = {isa = PBXFileReference; fileEncoding = 4; lastKnownFileType = sourcecode.c.h; path = "EXPMatchers+toBeGreaterThanOrEqualTo.h"; sourceTree = "<group>"; };
		CFD4DF371456CC27003CC732 /* EXPMatchers+toBeIdenticalTo.h */ = {isa = PBXFileReference; fileEncoding = 4; lastKnownFileType = sourcecode.c.h; path = "EXPMatchers+toBeIdenticalTo.h"; sourceTree = "<group>"; };
		CFD4DF381456CC27003CC732 /* EXPMatchers+toBeInstanceOf.h */ = {isa = PBXFileReference; fileEncoding = 4; lastKnownFileType = sourcecode.c.h; path = "EXPMatchers+toBeInstanceOf.h"; sourceTree = "<group>"; };
		CFD4DF391456CC27003CC732 /* EXPMatchers+toBeInTheRangeOf.h */ = {isa = PBXFileReference; fileEncoding = 4; lastKnownFileType = sourcecode.c.h; path = "EXPMatchers+toBeInTheRangeOf.h"; sourceTree = "<group>"; };
		CFD4DF3A1456CC27003CC732 /* EXPMatchers+toBeKindOf.h */ = {isa = PBXFileReference; fileEncoding = 4; lastKnownFileType = sourcecode.c.h; path = "EXPMatchers+toBeKindOf.h"; sourceTree = "<group>"; };
		CFD4DF3B1456CC27003CC732 /* EXPMatchers+toBeLessThan.h */ = {isa = PBXFileReference; fileEncoding = 4; lastKnownFileType = sourcecode.c.h; path = "EXPMatchers+toBeLessThan.h"; sourceTree = "<group>"; };
		CFD4DF3C1456CC27003CC732 /* EXPMatchers+toBeLessThanOrEqualTo.h */ = {isa = PBXFileReference; fileEncoding = 4; lastKnownFileType = sourcecode.c.h; path = "EXPMatchers+toBeLessThanOrEqualTo.h"; sourceTree = "<group>"; };
		CFD4DF3D1456CC27003CC732 /* EXPMatchers+toBeNil.h */ = {isa = PBXFileReference; fileEncoding = 4; lastKnownFileType = sourcecode.c.h; path = "EXPMatchers+toBeNil.h"; sourceTree = "<group>"; };
		CFD4DF3E1456CC27003CC732 /* EXPMatchers+toBeSubclassOf.h */ = {isa = PBXFileReference; fileEncoding = 4; lastKnownFileType = sourcecode.c.h; path = "EXPMatchers+toBeSubclassOf.h"; sourceTree = "<group>"; };
		CFD4DF3F1456CC27003CC732 /* EXPMatchers+toBeTruthy.h */ = {isa = PBXFileReference; fileEncoding = 4; lastKnownFileType = sourcecode.c.h; path = "EXPMatchers+toBeTruthy.h"; sourceTree = "<group>"; };
		CFD4DF401456CC27003CC732 /* EXPMatchers+toContain.h */ = {isa = PBXFileReference; fileEncoding = 4; lastKnownFileType = sourcecode.c.h; path = "EXPMatchers+toContain.h"; sourceTree = "<group>"; };
		CFD4DF411456CC27003CC732 /* EXPMatchers+toEqual.h */ = {isa = PBXFileReference; fileEncoding = 4; lastKnownFileType = sourcecode.c.h; path = "EXPMatchers+toEqual.h"; sourceTree = "<group>"; };
		CFD4DF421456CC27003CC732 /* EXPMatchers.h */ = {isa = PBXFileReference; fileEncoding = 4; lastKnownFileType = sourcecode.c.h; path = EXPMatchers.h; sourceTree = "<group>"; };
		CFD4DF431456CC27003CC732 /* EXPUnsupportedObject.h */ = {isa = PBXFileReference; fileEncoding = 4; lastKnownFileType = sourcecode.c.h; path = EXPUnsupportedObject.h; sourceTree = "<group>"; };
		CFD4DF441456CC27003CC732 /* NSObject+Expecta.h */ = {isa = PBXFileReference; fileEncoding = 4; lastKnownFileType = sourcecode.c.h; path = "NSObject+Expecta.h"; sourceTree = "<group>"; };
		CFD4DF451456CC27003CC732 /* NSValue+Expecta.h */ = {isa = PBXFileReference; fileEncoding = 4; lastKnownFileType = sourcecode.c.h; path = "NSValue+Expecta.h"; sourceTree = "<group>"; };
		CFDE803F1430A4DF0073BAC4 /* Config.plist */ = {isa = PBXFileReference; fileEncoding = 4; lastKnownFileType = text.plist.xml; path = Config.plist; sourceTree = "<group>"; };
		CFF70B3D1420DAFB0029BA83 /* JSONKit.h */ = {isa = PBXFileReference; fileEncoding = 4; lastKnownFileType = sourcecode.c.h; path = JSONKit.h; sourceTree = "<group>"; };
		CFF70B3E1420DAFB0029BA83 /* JSONKit.m */ = {isa = PBXFileReference; fileEncoding = 4; lastKnownFileType = sourcecode.c.objc; path = JSONKit.m; sourceTree = "<group>"; };
		CFFBE812145C301800BD559B /* SEQueryBuilderFactory.h */ = {isa = PBXFileReference; fileEncoding = 4; lastKnownFileType = sourcecode.c.h; path = SEQueryBuilderFactory.h; sourceTree = "<group>"; };
		CFFBE813145C301800BD559B /* SEQueryBuilderFactory.m */ = {isa = PBXFileReference; fileEncoding = 4; lastKnownFileType = sourcecode.c.objc; path = SEQueryBuilderFactory.m; sourceTree = "<group>"; };
		CFFBE816145C342700BD559B /* SEQueryBuilderFactoryTest.h */ = {isa = PBXFileReference; fileEncoding = 4; lastKnownFileType = sourcecode.c.h; path = SEQueryBuilderFactoryTest.h; sourceTree = "<group>"; };
		CFFBE817145C342700BD559B /* SEQueryBuilderFactoryTest.m */ = {isa = PBXFileReference; fileEncoding = 4; lastKnownFileType = sourcecode.c.objc; path = SEQueryBuilderFactoryTest.m; sourceTree = "<group>"; };
/* End PBXFileReference section */

/* Begin PBXFrameworksBuildPhase section */
		CF777782141B2CC100690920 /* Frameworks */ = {
			isa = PBXFrameworksBuildPhase;
			buildActionMask = 2147483647;
			files = (
				CF777787141B2CC100690920 /* UIKit.framework in Frameworks */,
				CF777788141B2CC100690920 /* Foundation.framework in Frameworks */,
				CF777789141B2CC100690920 /* CoreGraphics.framework in Frameworks */,
				CF7777A8141B2D0200690920 /* GHUnitIOS.framework in Frameworks */,
				CFD4DF2E1456CC1C003CC732 /* libExpecta-ios-universal.a in Frameworks */,
			);
			runOnlyForDeploymentPostprocessing = 0;
		};
		CF918068141621BA0021C598 /* Frameworks */ = {
			isa = PBXFrameworksBuildPhase;
			buildActionMask = 2147483647;
			files = (
				CF918070141621BA0021C598 /* UIKit.framework in Frameworks */,
				CF918072141621BA0021C598 /* Foundation.framework in Frameworks */,
				CF918074141621BA0021C598 /* CoreGraphics.framework in Frameworks */,
			);
			runOnlyForDeploymentPostprocessing = 0;
		};
/* End PBXFrameworksBuildPhase section */

/* Begin PBXGroup section */
		CF0DA4A31435ED0E0045885A /* Search */ = {
			isa = PBXGroup;
			children = (
				CFFBE812145C301800BD559B /* SEQueryBuilderFactory.h */,
				CFFBE813145C301800BD559B /* SEQueryBuilderFactory.m */,
				CF0DA4A71435FF3E0045885A /* SEQueryBuilder.h */,
				CF0DA4A41435ED300045885A /* Sensis */,
			);
			name = Search;
			sourceTree = "<group>";
		};
		CF0DA4A41435ED300045885A /* Sensis */ = {
			isa = PBXGroup;
			children = (
				CF66BE25142291B300C55DB9 /* SESensisQueryBuilder.h */,
				CF66BE26142291B300C55DB9 /* SESensisQueryBuilder.m */,
				CF0DA49E1435ECEF0045885A /* SESensisResultsSummary.h */,
				CF0DA49F1435ECEF0045885A /* SESensisResultsSummary.m */,
			);
			name = Sensis;
			sourceTree = "<group>";
		};
		CF0DA4A51435ED5C0045885A /* Search */ = {
			isa = PBXGroup;
			children = (
				CFFBE816145C342700BD559B /* SEQueryBuilderFactoryTest.h */,
				CFFBE817145C342700BD559B /* SEQueryBuilderFactoryTest.m */,
				CF0DA4A61435ED650045885A /* Sensis */,
			);
			name = Search;
			sourceTree = "<group>";
		};
		CF0DA4A61435ED650045885A /* Sensis */ = {
			isa = PBXGroup;
			children = (
				CF66BE221422907C00C55DB9 /* SESensisQueryBuilderTest.h */,
				CF66BE231422907C00C55DB9 /* SESensisQueryBuilderTest.m */,
				CF0DA49A1435ECA70045885A /* SESensisResultsSummaryTest.h */,
				CF0DA49B1435ECA70045885A /* SESensisResultsSummaryTest.m */,
			);
			name = Sensis;
			sourceTree = "<group>";
		};
		CF4B02D41447016200203EFE /* Models */ = {
			isa = PBXGroup;
			children = (
				CF4B02D51447019800203EFE /* SESearchResults.h */,
				CF4B02D61447019800203EFE /* SESearchResults.m */,
			);
			name = Models;
			sourceTree = "<group>";
		};
		CF4D961614558FC800067011 /* Utility */ = {
			isa = PBXGroup;
			children = (
				CF4D961B145591F400067011 /* ILCannedURLProtocol.h */,
				CF4D961C145591F400067011 /* ILCannedURLProtocol.m */,
			);
			name = Utility;
			sourceTree = "<group>";
		};
		CF52CE5B1454399E00E805F8 /* Models */ = {
			isa = PBXGroup;
			children = (
				CF52CE6214543D7500E805F8 /* SESearchResultsTest.h */,
				CF52CE6314543D7500E805F8 /* SESearchResultsTest.m */,
			);
			name = Models;
			sourceTree = "<group>";
		};
		CF6AB8E51428B8D100A67940 /* Controllers */ = {
			isa = PBXGroup;
			children = (
				CFD1696A14616695007280B5 /* iPhone */,
				CFAE11C7143C7489009DA61E /* SESearchResultsControllerTest.h */,
				CFAE11C8143C7489009DA61E /* SESearchResultsControllerTest.m */,
			);
			name = Controllers;
			sourceTree = "<group>";
		};
		CF77778A141B2CC100690920 /* GHTests */ = {
			isa = PBXGroup;
			children = (
				CF4D961614558FC800067011 /* Utility */,
				CF52CE5B1454399E00E805F8 /* Models */,
				CF0DA4A51435ED5C0045885A /* Search */,
				CF6AB8E51428B8D100A67940 /* Controllers */,
				CF77778B141B2CC100690920 /* Supporting Files */,
			);
			name = GHTests;
			path = "GH Tests";
			sourceTree = "<group>";
		};
		CF77778B141B2CC100690920 /* Supporting Files */ = {
			isa = PBXGroup;
			children = (
				CF77778C141B2CC100690920 /* GH Tests-Info.plist */,
				CF77778D141B2CC100690920 /* InfoPlist.strings */,
				CF777790141B2CC100690920 /* main.m */,
				CF777792141B2CC100690920 /* GH Tests-Prefix.pch */,
			);
			name = "Supporting Files";
			sourceTree = "<group>";
		};
		CF906D86142608B3001A8FA0 /* Controllers */ = {
			isa = PBXGroup;
			children = (
				CF918088141621BB0021C598 /* iPad */,
				CF918081141621BA0021C598 /* iPhone */,
				CF906D82142608A5001A8FA0 /* SearchController.h */,
				CF906D83142608A5001A8FA0 /* SearchController.m */,
				CFAE11C2143C7453009DA61E /* SESearchResultsController.h */,
				CFAE11C3143C7453009DA61E /* SESearchResultsController.m */,
			);
			name = Controllers;
			sourceTree = "<group>";
		};
		CF918060141621B90021C598 = {
			isa = PBXGroup;
			children = (
				CFC085E61419EF8E009E5DD9 /* Libraries */,
				CF918075141621BA0021C598 /* SearchExample */,
				CF77778A141B2CC100690920 /* GHTests */,
				CF91806E141621BA0021C598 /* Frameworks */,
				CF91806C141621BA0021C598 /* Products */,
			);
			sourceTree = "<group>";
		};
		CF91806C141621BA0021C598 /* Products */ = {
			isa = PBXGroup;
			children = (
				CF91806B141621BA0021C598 /* SearchExample.app */,
				CF777785141B2CC100690920 /* GHTests.app */,
			);
			name = Products;
			sourceTree = "<group>";
		};
		CF91806E141621BA0021C598 /* Frameworks */ = {
			isa = PBXGroup;
			children = (
				CF7777A7141B2D0200690920 /* GHUnitIOS.framework */,
				CF91806F141621BA0021C598 /* UIKit.framework */,
				CF918071141621BA0021C598 /* Foundation.framework */,
				CF918073141621BA0021C598 /* CoreGraphics.framework */,
				CF918095141621BB0021C598 /* SenTestingKit.framework */,
			);
			name = Frameworks;
			sourceTree = "<group>";
		};
		CF918075141621BA0021C598 /* SearchExample */ = {
			isa = PBXGroup;
			children = (
				CF4B02D41447016200203EFE /* Models */,
				CF0DA4A31435ED0E0045885A /* Search */,
				CFF70B3C1420DADC0029BA83 /* JSONKit-1.4 */,
				CF91807E141621BA0021C598 /* SearchExampleAppDelegate.h */,
				CF91807F141621BA0021C598 /* SearchExampleAppDelegate.m */,
				CF906D86142608B3001A8FA0 /* Controllers */,
				CF918076141621BA0021C598 /* Supporting Files */,
				CFDE803F1430A4DF0073BAC4 /* Config.plist */,
			);
			path = SearchExample;
			sourceTree = "<group>";
		};
		CF918076141621BA0021C598 /* Supporting Files */ = {
			isa = PBXGroup;
			children = (
				CF918077141621BA0021C598 /* SearchExample-Info.plist */,
				CF918078141621BA0021C598 /* InfoPlist.strings */,
				CF91807B141621BA0021C598 /* main.m */,
				CF91807D141621BA0021C598 /* SearchExample-Prefix.pch */,
			);
			name = "Supporting Files";
			sourceTree = "<group>";
		};
		CF918081141621BA0021C598 /* iPhone */ = {
			isa = PBXGroup;
			children = (
				CF918082141621BA0021C598 /* SearchExampleAppDelegate_iPhone.h */,
				CF918083141621BA0021C598 /* SearchExampleAppDelegate_iPhone.m */,
				CF918085141621BB0021C598 /* MainWindow_iPhone.xib */,
				CF906D87142608FD001A8FA0 /* SearchController_iPhone.h */,
				CF906D88142608FD001A8FA0 /* SearchController_iPhone.m */,
				CF906D89142608FD001A8FA0 /* SearchController_iPhone.xib */,
				CF4B02CB1446F6F100203EFE /* SEIPhoneSearchResultsController.h */,
				CF4B02CC1446F6F100203EFE /* SEIPhoneSearchResultsController.m */,
				CF4B02CD1446F6F100203EFE /* SEIPhoneSearchResultsController.xib */,
			);
			name = iPhone;
			sourceTree = "<group>";
		};
		CF918088141621BB0021C598 /* iPad */ = {
			isa = PBXGroup;
			children = (
				CF918089141621BB0021C598 /* SearchExampleAppDelegate_iPad.h */,
				CF91808A141621BB0021C598 /* SearchExampleAppDelegate_iPad.m */,
				CF91808C141621BB0021C598 /* MainWindow_iPad.xib */,
				CF906D8C14260929001A8FA0 /* SearchController_iPad.h */,
				CF906D8D14260929001A8FA0 /* SearchController_iPad.m */,
				CF906D8E14260929001A8FA0 /* SearchController_iPad.xib */,
			);
			name = iPad;
			sourceTree = "<group>";
		};
		CFC085E61419EF8E009E5DD9 /* Libraries */ = {
			isa = PBXGroup;
			children = (
				CFD4DF2F1456CC27003CC732 /* Expecta */,
				CFD4DF2D1456CC1C003CC732 /* libExpecta-ios-universal.a */,
				CFC085E71419EF8E009E5DD9 /* libOCMock.a */,
				CFC085E81419EF8E009E5DD9 /* OCMock */,
			);
			path = Libraries;
			sourceTree = "<group>";
		};
		CFC085E81419EF8E009E5DD9 /* OCMock */ = {
			isa = PBXGroup;
			children = (
				CFC085E91419EF8E009E5DD9 /* NSNotificationCenter+OCMAdditions.h */,
				CFC085EA1419EF8E009E5DD9 /* OCMArg.h */,
				CFC085EB1419EF8E009E5DD9 /* OCMConstraint.h */,
				CFC085EC1419EF8E009E5DD9 /* OCMock.h */,
				CFC085ED1419EF8E009E5DD9 /* OCMockObject.h */,
				CFC085EE1419EF8E009E5DD9 /* OCMockRecorder.h */,
			);
			path = OCMock;
			sourceTree = "<group>";
		};
		CFD1696A14616695007280B5 /* iPhone */ = {
			isa = PBXGroup;
			children = (
				CF6AB8E71428B90300A67940 /* SearchController_iPhoneTest.h */,
				CF6AB8E81428B90300A67940 /* SearchController_iPhoneTest.m */,
			);
			name = iPhone;
			sourceTree = "<group>";
		};
		CFD4DF2F1456CC27003CC732 /* Expecta */ = {
			isa = PBXGroup;
			children = (
				CFD4DF301456CC27003CC732 /* Expecta.h */,
				CFD4DF311456CC27003CC732 /* ExpectaSupport.h */,
				CFD4DF321456CC27003CC732 /* EXPExpect.h */,
				CFD4DF331456CC27003CC732 /* EXPMatcherHelpers.h */,
				CFD4DF341456CC27003CC732 /* EXPMatchers+toBeFalsy.h */,
				CFD4DF351456CC27003CC732 /* EXPMatchers+toBeGreaterThan.h */,
				CFD4DF361456CC27003CC732 /* EXPMatchers+toBeGreaterThanOrEqualTo.h */,
				CFD4DF371456CC27003CC732 /* EXPMatchers+toBeIdenticalTo.h */,
				CFD4DF381456CC27003CC732 /* EXPMatchers+toBeInstanceOf.h */,
				CFD4DF391456CC27003CC732 /* EXPMatchers+toBeInTheRangeOf.h */,
				CFD4DF3A1456CC27003CC732 /* EXPMatchers+toBeKindOf.h */,
				CFD4DF3B1456CC27003CC732 /* EXPMatchers+toBeLessThan.h */,
				CFD4DF3C1456CC27003CC732 /* EXPMatchers+toBeLessThanOrEqualTo.h */,
				CFD4DF3D1456CC27003CC732 /* EXPMatchers+toBeNil.h */,
				CFD4DF3E1456CC27003CC732 /* EXPMatchers+toBeSubclassOf.h */,
				CFD4DF3F1456CC27003CC732 /* EXPMatchers+toBeTruthy.h */,
				CFD4DF401456CC27003CC732 /* EXPMatchers+toContain.h */,
				CFD4DF411456CC27003CC732 /* EXPMatchers+toEqual.h */,
				CFD4DF421456CC27003CC732 /* EXPMatchers.h */,
				CFD4DF431456CC27003CC732 /* EXPUnsupportedObject.h */,
				CFD4DF441456CC27003CC732 /* NSObject+Expecta.h */,
				CFD4DF451456CC27003CC732 /* NSValue+Expecta.h */,
			);
			path = Expecta;
			sourceTree = "<group>";
		};
		CFF70B3C1420DADC0029BA83 /* JSONKit-1.4 */ = {
			isa = PBXGroup;
			children = (
				CFF70B3D1420DAFB0029BA83 /* JSONKit.h */,
				CFF70B3E1420DAFB0029BA83 /* JSONKit.m */,
			);
			name = "JSONKit-1.4";
			sourceTree = "<group>";
		};
/* End PBXGroup section */

/* Begin PBXNativeTarget section */
		CF777784141B2CC100690920 /* GHTests */ = {
			isa = PBXNativeTarget;
			buildConfigurationList = CF7777A4141B2CC100690920 /* Build configuration list for PBXNativeTarget "GHTests" */;
			buildPhases = (
				CF777781141B2CC100690920 /* Sources */,
				CF777782141B2CC100690920 /* Frameworks */,
				CF777783141B2CC100690920 /* Resources */,
			);
			buildRules = (
			);
			dependencies = (
			);
			name = GHTests;
			productName = "GH Tests";
			productReference = CF777785141B2CC100690920 /* GHTests.app */;
			productType = "com.apple.product-type.application";
		};
		CF91806A141621BA0021C598 /* SearchExample */ = {
			isa = PBXNativeTarget;
			buildConfigurationList = CF9180A8141621BB0021C598 /* Build configuration list for PBXNativeTarget "SearchExample" */;
			buildPhases = (
				CF918067141621BA0021C598 /* Sources */,
				CF918068141621BA0021C598 /* Frameworks */,
				CF918069141621BA0021C598 /* Resources */,
			);
			buildRules = (
			);
			dependencies = (
			);
			name = SearchExample;
			productName = SearchExample;
			productReference = CF91806B141621BA0021C598 /* SearchExample.app */;
			productType = "com.apple.product-type.application";
		};
/* End PBXNativeTarget section */

/* Begin PBXProject section */
		CF918062141621B90021C598 /* Project object */ = {
			isa = PBXProject;
			attributes = {
				LastUpgradeCheck = 0420;
			};
			buildConfigurationList = CF918065141621B90021C598 /* Build configuration list for PBXProject "SearchExample" */;
			compatibilityVersion = "Xcode 3.2";
			developmentRegion = English;
			hasScannedForEncodings = 0;
			knownRegions = (
				en,
			);
			mainGroup = CF918060141621B90021C598;
			productRefGroup = CF91806C141621BA0021C598 /* Products */;
			projectDirPath = "";
			projectRoot = "";
			targets = (
				CF91806A141621BA0021C598 /* SearchExample */,
				CF777784141B2CC100690920 /* GHTests */,
			);
		};
/* End PBXProject section */

/* Begin PBXResourcesBuildPhase section */
		CF777783141B2CC100690920 /* Resources */ = {
			isa = PBXResourcesBuildPhase;
			buildActionMask = 2147483647;
			files = (
				CF77778F141B2CC100690920 /* InfoPlist.strings in Resources */,
				CFDE80411430A4DF0073BAC4 /* Config.plist in Resources */,
				CF4B02D11446F6F100203EFE /* SEIPhoneSearchResultsController.xib in Resources */,
			);
			runOnlyForDeploymentPostprocessing = 0;
		};
		CF918069141621BA0021C598 /* Resources */ = {
			isa = PBXResourcesBuildPhase;
			buildActionMask = 2147483647;
			files = (
				CF91807A141621BA0021C598 /* InfoPlist.strings in Resources */,
				CF918087141621BB0021C598 /* MainWindow_iPhone.xib in Resources */,
				CF91808E141621BB0021C598 /* MainWindow_iPad.xib in Resources */,
				CF906D8B142608FD001A8FA0 /* SearchController_iPhone.xib in Resources */,
				CF906D9014260929001A8FA0 /* SearchController_iPad.xib in Resources */,
				CFDE80401430A4DF0073BAC4 /* Config.plist in Resources */,
				CF4B02D01446F6F100203EFE /* SEIPhoneSearchResultsController.xib in Resources */,
			);
			runOnlyForDeploymentPostprocessing = 0;
		};
/* End PBXResourcesBuildPhase section */

/* Begin PBXSourcesBuildPhase section */
		CF777781141B2CC100690920 /* Sources */ = {
			isa = PBXSourcesBuildPhase;
			buildActionMask = 2147483647;
			files = (
				CFD1696B14616808007280B5 /* SearchController_iPhone.m in Sources */,
				CF9C9A05145C3719003D0874 /* SEQueryBuilderFactoryTest.m in Sources */,
				CF678C04142A06B800764ECC /* SearchController.m in Sources */,
				CFF70B401420DDE80029BA83 /* JSONKit.m in Sources */,
				CF777791141B2CC100690920 /* main.m in Sources */,
				CF66BE241422907C00C55DB9 /* SESensisQueryBuilderTest.m in Sources */,
				CF66BE28142291B300C55DB9 /* SESensisQueryBuilder.m in Sources */,
				CF6AB8E91428B90300A67940 /* SearchController_iPhoneTest.m in Sources */,
				CF0DA49C1435ECA70045885A /* SESensisResultsSummaryTest.m in Sources */,
				CF0DA4A11435ECEF0045885A /* SESensisResultsSummary.m in Sources */,
				CFAE11C5143C7453009DA61E /* SESearchResultsController.m in Sources */,
				CFAE11C9143C7489009DA61E /* SESearchResultsControllerTest.m in Sources */,
				CF4B02CF1446F6F100203EFE /* SEIPhoneSearchResultsController.m in Sources */,
				CF4B02D81447019800203EFE /* SESearchResults.m in Sources */,
				CF52CE6414543D7500E805F8 /* SESearchResultsTest.m in Sources */,
				CF4D961D145591F400067011 /* ILCannedURLProtocol.m in Sources */,
				CFFBE815145C301800BD559B /* SEQueryBuilderFactory.m in Sources */,
			);
			runOnlyForDeploymentPostprocessing = 0;
		};
		CF918067141621BA0021C598 /* Sources */ = {
			isa = PBXSourcesBuildPhase;
			buildActionMask = 2147483647;
			files = (
				CF91807C141621BA0021C598 /* main.m in Sources */,
				CF918080141621BA0021C598 /* SearchExampleAppDelegate.m in Sources */,
				CF918084141621BA0021C598 /* SearchExampleAppDelegate_iPhone.m in Sources */,
				CF91808B141621BB0021C598 /* SearchExampleAppDelegate_iPad.m in Sources */,
				CFF70B3F1420DAFB0029BA83 /* JSONKit.m in Sources */,
				CF66BE27142291B300C55DB9 /* SESensisQueryBuilder.m in Sources */,
				CF906D84142608A5001A8FA0 /* SearchController.m in Sources */,
				CF906D8A142608FD001A8FA0 /* SearchController_iPhone.m in Sources */,
				CF906D8F14260929001A8FA0 /* SearchController_iPad.m in Sources */,
				CF0DA4A01435ECEF0045885A /* SESensisResultsSummary.m in Sources */,
				CFAE11C4143C7453009DA61E /* SESearchResultsController.m in Sources */,
				CF4B02CE1446F6F100203EFE /* SEIPhoneSearchResultsController.m in Sources */,
				CF4B02D71447019800203EFE /* SESearchResults.m in Sources */,
				CFFBE814145C301800BD559B /* SEQueryBuilderFactory.m in Sources */,
			);
			runOnlyForDeploymentPostprocessing = 0;
		};
/* End PBXSourcesBuildPhase section */

/* Begin PBXVariantGroup section */
		CF77778D141B2CC100690920 /* InfoPlist.strings */ = {
			isa = PBXVariantGroup;
			children = (
				CF77778E141B2CC100690920 /* en */,
			);
			name = InfoPlist.strings;
			sourceTree = "<group>";
		};
		CF918078141621BA0021C598 /* InfoPlist.strings */ = {
			isa = PBXVariantGroup;
			children = (
				CF918079141621BA0021C598 /* en */,
			);
			name = InfoPlist.strings;
			sourceTree = "<group>";
		};
		CF918085141621BB0021C598 /* MainWindow_iPhone.xib */ = {
			isa = PBXVariantGroup;
			children = (
				CF918086141621BB0021C598 /* en */,
			);
			name = MainWindow_iPhone.xib;
			sourceTree = "<group>";
		};
		CF91808C141621BB0021C598 /* MainWindow_iPad.xib */ = {
			isa = PBXVariantGroup;
			children = (
				CF91808D141621BB0021C598 /* en */,
			);
			name = MainWindow_iPad.xib;
			sourceTree = "<group>";
		};
/* End PBXVariantGroup section */

/* Begin XCBuildConfiguration section */
		CF7777A5141B2CC100690920 /* Debug */ = {
			isa = XCBuildConfiguration;
			buildSettings = {
				BUNDLE_LOADER = "";
				"CODE_SIGN_IDENTITY[sdk=iphoneos*]" = "iPhone Developer";
				FRAMEWORK_SEARCH_PATHS = (
					"$(inherited)",
					"\"$(SRCROOT)\"",
				);
				GCC_PRECOMPILE_PREFIX_HEADER = YES;
				GCC_PREFIX_HEADER = "GH Tests/GH Tests-Prefix.pch";
				GCC_VERSION = com.apple.compilers.llvm.clang.1_0;
				HEADER_SEARCH_PATHS = "$(SRCROOT)/Libraries";
				INFOPLIST_FILE = "GH Tests/GH Tests-Info.plist";
				LIBRARY_SEARCH_PATHS = "$(SRCROOT)/Libraries";
				OTHER_LDFLAGS = (
					"-ObjC",
					"-all_load",
					"$(PROJECT_DIR)/Libraries/libOCMock.a",
					"$(PROJECT_DIR)/Libraries/libExpecta-ios-universal.a",
				);
				PRELINK_FLAGS = "-ObjC -all_load $(PROJECT_DIR)/Libraries/libOCMock.a -ObjC -all_load $(PROJECT_DIR)/Libraries/libExpecta-ios-universal.a";
				PRODUCT_NAME = "$(TARGET_NAME)";
				TARGETED_DEVICE_FAMILY = "1,2";
				USER_HEADER_SEARCH_PATHS = "$(SRCROOT)/Libraries/**";
				WRAPPER_EXTENSION = app;
			};
			name = Debug;
		};
		CF7777A6141B2CC100690920 /* Release */ = {
			isa = XCBuildConfiguration;
			buildSettings = {
				BUNDLE_LOADER = "";
				"CODE_SIGN_IDENTITY[sdk=iphoneos*]" = "iPhone Developer";
				FRAMEWORK_SEARCH_PATHS = (
					"$(inherited)",
					"\"$(SRCROOT)\"",
				);
				GCC_PRECOMPILE_PREFIX_HEADER = YES;
				GCC_PREFIX_HEADER = "GH Tests/GH Tests-Prefix.pch";
				GCC_VERSION = com.apple.compilers.llvm.clang.1_0;
				HEADER_SEARCH_PATHS = "$(SRCROOT)/Libraries";
				INFOPLIST_FILE = "GH Tests/GH Tests-Info.plist";
				LIBRARY_SEARCH_PATHS = "$(SRCROOT)/Libraries";
				OTHER_LDFLAGS = (
					"-ObjC",
					"-all_load",
					"$(PROJECT_DIR)/Libraries/libOCMock.a",
					"$(PROJECT_DIR)/Libraries/libExpecta-ios-universal.a",
				);
				PRELINK_FLAGS = "-ObjC -all_load $(PROJECT_DIR)/Libraries/libOCMock.a -ObjC -all_load $(PROJECT_DIR)/Libraries/libExpecta-ios-universal.a";
				PRODUCT_NAME = "$(TARGET_NAME)";
				TARGETED_DEVICE_FAMILY = "1,2";
				USER_HEADER_SEARCH_PATHS = "$(SRCROOT)/Libraries/**";
				WRAPPER_EXTENSION = app;
			};
			name = Release;
		};
		CF9180A6141621BB0021C598 /* Debug */ = {
			isa = XCBuildConfiguration;
			buildSettings = {
				ALWAYS_SEARCH_USER_PATHS = NO;
				ARCHS = "$(ARCHS_STANDARD_32_BIT)";
				"CODE_SIGN_IDENTITY[sdk=iphoneos*]" = "iPhone Developer";
				COPY_PHASE_STRIP = NO;
				GCC_C_LANGUAGE_STANDARD = gnu99;
				GCC_DYNAMIC_NO_PIC = NO;
				GCC_OPTIMIZATION_LEVEL = 0;
				GCC_PREPROCESSOR_DEFINITIONS = (
					"DEBUG=1",
					"$(inherited)",
				);
				GCC_SYMBOLS_PRIVATE_EXTERN = NO;
				GCC_VERSION = com.apple.compilers.llvmgcc42;
				GCC_WARN_ABOUT_MISSING_PROTOTYPES = YES;
				GCC_WARN_ABOUT_RETURN_TYPE = YES;
				GCC_WARN_UNUSED_VARIABLE = YES;
				IPHONEOS_DEPLOYMENT_TARGET = 5.0;
				SDKROOT = iphoneos;
				TARGETED_DEVICE_FAMILY = "1,2";
			};
			name = Debug;
		};
		CF9180A7141621BB0021C598 /* Release */ = {
			isa = XCBuildConfiguration;
			buildSettings = {
				ALWAYS_SEARCH_USER_PATHS = NO;
				ARCHS = "$(ARCHS_STANDARD_32_BIT)";
				"CODE_SIGN_IDENTITY[sdk=iphoneos*]" = "iPhone Developer";
				COPY_PHASE_STRIP = YES;
				GCC_C_LANGUAGE_STANDARD = gnu99;
				GCC_VERSION = com.apple.compilers.llvmgcc42;
				GCC_WARN_ABOUT_MISSING_PROTOTYPES = YES;
				GCC_WARN_ABOUT_RETURN_TYPE = YES;
				GCC_WARN_UNUSED_VARIABLE = YES;
				IPHONEOS_DEPLOYMENT_TARGET = 5.0;
				OTHER_CFLAGS = "-DNS_BLOCK_ASSERTIONS=1";
				SDKROOT = iphoneos;
				TARGETED_DEVICE_FAMILY = "1,2";
				VALIDATE_PRODUCT = YES;
			};
			name = Release;
		};
		CF9180A9141621BB0021C598 /* Debug */ = {
			isa = XCBuildConfiguration;
			buildSettings = {
				GCC_PRECOMPILE_PREFIX_HEADER = YES;
				GCC_PREFIX_HEADER = "SearchExample/SearchExample-Prefix.pch";
				GCC_VERSION = com.apple.compilers.llvm.clang.1_0;
				INFOPLIST_FILE = "SearchExample/SearchExample-Info.plist";
				PRODUCT_NAME = "$(TARGET_NAME)";
				TARGETED_DEVICE_FAMILY = "1,2";
				WRAPPER_EXTENSION = app;
			};
			name = Debug;
		};
		CF9180AA141621BB0021C598 /* Release */ = {
			isa = XCBuildConfiguration;
			buildSettings = {
				GCC_PRECOMPILE_PREFIX_HEADER = YES;
				GCC_PREFIX_HEADER = "SearchExample/SearchExample-Prefix.pch";
				GCC_VERSION = com.apple.compilers.llvm.clang.1_0;
				INFOPLIST_FILE = "SearchExample/SearchExample-Info.plist";
				PRODUCT_NAME = "$(TARGET_NAME)";
				TARGETED_DEVICE_FAMILY = "1,2";
				WRAPPER_EXTENSION = app;
			};
			name = Release;
		};
/* End XCBuildConfiguration section */

/* Begin XCConfigurationList section */
		CF7777A4141B2CC100690920 /* Build configuration list for PBXNativeTarget "GHTests" */ = {
			isa = XCConfigurationList;
			buildConfigurations = (
				CF7777A5141B2CC100690920 /* Debug */,
				CF7777A6141B2CC100690920 /* Release */,
			);
			defaultConfigurationIsVisible = 0;
			defaultConfigurationName = Release;
		};
		CF918065141621B90021C598 /* Build configuration list for PBXProject "SearchExample" */ = {
			isa = XCConfigurationList;
			buildConfigurations = (
				CF9180A6141621BB0021C598 /* Debug */,
				CF9180A7141621BB0021C598 /* Release */,
			);
			defaultConfigurationIsVisible = 0;
			defaultConfigurationName = Release;
		};
		CF9180A8141621BB0021C598 /* Build configuration list for PBXNativeTarget "SearchExample" */ = {
			isa = XCConfigurationList;
			buildConfigurations = (
				CF9180A9141621BB0021C598 /* Debug */,
				CF9180AA141621BB0021C598 /* Release */,
			);
			defaultConfigurationIsVisible = 0;
			defaultConfigurationName = Release;
		};
/* End XCConfigurationList section */
	};
	rootObject = CF918062141621B90021C598 /* Project object */;
}
